
Microsoft Visual Studio Solution File, Format Version 12.00
# Visual Studio 15
Project("{FAE04EC0-301F-11D3-BF4B-00C04F79EFBC}") = "UnityEngine.TestRunner", "UnityEngine.TestRunner.csproj", "{C0B61518-6C9C-6FF6-2BFD-AF7D133873F1}"
EndProject
Project("{FAE04EC0-301F-11D3-BF4B-00C04F79EFBC}") = "UnityEngine.UI", "UnityEngine.UI.csproj", "{56A24E59-FCE5-FB84-EBAE-8FB3DF60E4BE}"
EndProject
Project("{FAE04EC0-301F-11D3-BF4B-00C04F79EFBC}") = "Unity.VisualScripting.Flow", "Unity.VisualScripting.Flow.csproj", "{0C7727E1-9C6A-7576-2AFC-066DADB727CA}"
EndProject
Project("{FAE04EC0-301F-11D3-BF4B-00C04F79EFBC}") = "Unity.Mathematics", "Unity.Mathematics.csproj", "{60D9D486-2D00-30BD-D644-96B2128F9A45}"
EndProject
Project("{FAE04EC0-301F-11D3-BF4B-00C04F79EFBC}") = "Unity.Services.Core.Telemetry", "Unity.Services.Core.Telemetry.csproj", "{CD3385BA-FF6C-6D30-90B9-93D2A93956A6}"
EndProject
Project("{FAE04EC0-301F-11D3-BF4B-00C04F79EFBC}") = "Unity.VisualScripting.State", "Unity.VisualScripting.State.csproj", "{0BAC45C5-F1F0-244F-75B6-9741E21F9720}"
EndProject
Project("{FAE04EC0-301F-11D3-BF4B-00C04F79EFBC}") = "Unity.VisualScripting.Core", "Unity.VisualScripting.Core.csproj", "{2C70AAFB-4C2C-6186-1212-2F78A19B7CCF}"
EndProject
Project("{FAE04EC0-301F-11D3-BF4B-00C04F79EFBC}") = "Unity.Services.Core.Environments.Internal", "Unity.Services.Core.Environments.Internal.csproj", "{9CF96E50-086E-49F6-9E12-D9C73B886714}"
EndProject
Project("{FAE04EC0-301F-11D3-BF4B-00C04F79EFBC}") = "Unity.Burst", "Unity.Burst.csproj", "{9DB76C9C-9020-708B-AEA1-3DC7578FD0E5}"
EndProject
Project("{FAE04EC0-301F-11D3-BF4B-00C04F79EFBC}") = "Unity.2D.Animation.Runtime", "Unity.2D.Animation.Runtime.csproj", "{116B6614-BA99-6C93-B409-BCFEB85CD597}"
EndProject
Project("{FAE04EC0-301F-11D3-BF4B-00C04F79EFBC}") = "Unity.TextMeshPro", "Unity.TextMeshPro.csproj", "{9AC6DC71-ABE3-D8DD-9BEA-98CDB8567357}"
EndProject
Project("{FAE04EC0-301F-11D3-BF4B-00C04F79EFBC}") = "Unity.Timeline", "Unity.Timeline.csproj", "{016AAC95-6389-3EE1-5846-694541C4B1E7}"
EndProject
Project("{FAE04EC0-301F-11D3-BF4B-00C04F79EFBC}") = "Unity.Services.Core", "Unity.Services.Core.csproj", "{719BCEDE-857F-166B-43EB-EFB7D9DC7BE5}"
EndProject
Project("{FAE04EC0-301F-11D3-BF4B-00C04F79EFBC}") = "Unity.Services.Core.Environments", "Unity.Services.Core.Environments.csproj", "{F7313103-09B9-8B28-2E7E-98B53A3EFE8F}"
EndProject
Project("{FAE04EC0-301F-11D3-BF4B-00C04F79EFBC}") = "Unity.Services.Core.Internal", "Unity.Services.Core.Internal.csproj", "{F9BADACA-F24A-8D41-BD0B-2EA7A9D46D7D}"
EndProject
Project("{FAE04EC0-301F-11D3-BF4B-00C04F79EFBC}") = "Unity.Services.Core.Analytics", "Unity.Services.Core.Analytics.csproj", "{32FCC281-320C-78EC-E73A-E4020C827BAC}"
EndProject
Project("{FAE04EC0-301F-11D3-BF4B-00C04F79EFBC}") = "Unity.2D.SpriteShape.Runtime", "Unity.2D.SpriteShape.Runtime.csproj", "{18FC9CA9-678C-4B78-532F-F69E70928EB4}"
EndProject
Project("{FAE04EC0-301F-11D3-BF4B-00C04F79EFBC}") = "Unity.Services.Core.Scheduler", "Unity.Services.Core.Scheduler.csproj", "{8FE5599F-7C1E-A7AE-0576-460ED624F0F8}"
EndProject
Project("{FAE04EC0-301F-11D3-BF4B-00C04F79EFBC}") = "Unity.Services.Core.Registration", "Unity.Services.Core.Registration.csproj", "{DAB2D5E1-9427-1AC2-F761-AE5085CE50DD}"
EndProject
Project("{FAE04EC0-301F-11D3-BF4B-00C04F79EFBC}") = "Unity.2D.PixelPerfect", "Unity.2D.PixelPerfect.csproj", "{4F954D9E-3B37-88CC-1C22-32D548967B4C}"
EndProject
Project("{FAE04EC0-301F-11D3-BF4B-00C04F79EFBC}") = "Unity.2D.Common.Runtime", "Unity.2D.Common.Runtime.csproj", "{3B6BA64E-EAD2-15D8-EA4C-3240F3AD8E47}"
EndProject
Project("{FAE04EC0-301F-11D3-BF4B-00C04F79EFBC}") = "Unity.2D.IK.Runtime", "Unity.2D.IK.Runtime.csproj", "{7FC939D8-EC91-DBDB-D53E-64A2B47A314C}"
EndProject
Project("{FAE04EC0-301F-11D3-BF4B-00C04F79EFBC}") = "Unity.Services.Core.Device", "Unity.Services.Core.Device.csproj", "{8AD4889E-DE2D-02BD-BA7E-23AAE4733432}"
EndProject
Project("{FAE04EC0-301F-11D3-BF4B-00C04F79EFBC}") = "Unity.Services.Core.Threading", "Unity.Services.Core.Threading.csproj", "{E1E3F84B-11D8-57CC-1150-4D81C628DA75}"
EndProject
Project("{FAE04EC0-301F-11D3-BF4B-00C04F79EFBC}") = "Assembly-CSharp", "Assembly-CSharp.csproj", "{9D124CA2-A13A-DD01-37C7-592498571255}"
EndProject
Project("{FAE04EC0-301F-11D3-BF4B-00C04F79EFBC}") = "Unity.2D.Tilemap.Extras", "Unity.2D.Tilemap.Extras.csproj", "{F8422FD1-FC4C-2655-08F8-D82C478F8606}"
EndProject
Project("{FAE04EC0-301F-11D3-BF4B-00C04F79EFBC}") = "Unity.Services.Core.Networking", "Unity.Services.Core.Networking.csproj", "{D3C97A3F-5CDE-BA59-52D2-AA3284EA6487}"
EndProject
Project("{FAE04EC0-301F-11D3-BF4B-00C04F79EFBC}") = "Unity.InternalAPIEngineBridge.001", "Unity.InternalAPIEngineBridge.001.csproj", "{F78345D6-5DBA-D488-86E9-03A7DA807A89}"
EndProject
Project("{FAE04EC0-301F-11D3-BF4B-00C04F79EFBC}") = "Unity.Services.Core.Configuration", "Unity.Services.Core.Configuration.csproj", "{731B879D-BF21-8EE7-5A95-3A54EE176C84}"
EndProject
Project("{FAE04EC0-301F-11D3-BF4B-00C04F79EFBC}") = "Unity.PlasticSCM.Editor", "Unity.PlasticSCM.Editor.csproj", "{28BC7F3E-F80D-CBBB-10B2-3B41889EDED6}"
EndProject
Project("{FAE04EC0-301F-11D3-BF4B-00C04F79EFBC}") = "Unity.VisualScripting.Core.Editor", "Unity.VisualScripting.Core.Editor.csproj", "{A1F1DDF3-AEC0-2D5C-2F1B-D9E53112529B}"
EndProject
Project("{FAE04EC0-301F-11D3-BF4B-00C04F79EFBC}") = "Unity.VisualScripting.Flow.Editor", "Unity.VisualScripting.Flow.Editor.csproj", "{FB313FE4-DF6C-5939-B285-2D6F5805547C}"
EndProject
Project("{FAE04EC0-301F-11D3-BF4B-00C04F79EFBC}") = "Unity.VisualStudio.Editor", "Unity.VisualStudio.Editor.csproj", "{59A87FBE-40D3-D054-7813-CD9C1BF1A1F2}"
EndProject
Project("{FAE04EC0-301F-11D3-BF4B-00C04F79EFBC}") = "Unity.Timeline.Editor", "Unity.Timeline.Editor.csproj", "{8795D9CE-77C7-62BF-9E8F-B774BD41AD10}"
EndProject
Project("{FAE04EC0-301F-11D3-BF4B-00C04F79EFBC}") = "Unity.VisualScripting.State.Editor", "Unity.VisualScripting.State.Editor.csproj", "{585347E3-FD48-BE2D-23C8-A13C18022224}"
EndProject
Project("{FAE04EC0-301F-11D3-BF4B-00C04F79EFBC}") = "Unity.TextMeshPro.Editor", "Unity.TextMeshPro.Editor.csproj", "{FC83F4E1-EC86-C186-73F1-6CC862DFFDA0}"
EndProject
Project("{FAE04EC0-301F-11D3-BF4B-00C04F79EFBC}") = "Unity.2D.Animation.Editor", "Unity.2D.Animation.Editor.csproj", "{AF6260F1-B5D2-D9A4-701F-1DDDB28D2D2D}"
EndProject
Project("{FAE04EC0-301F-11D3-BF4B-00C04F79EFBC}") = "Unity.VisualScripting.SettingsProvider.Editor", "Unity.VisualScripting.SettingsProvider.Editor.csproj", "{FA0D0D78-DC03-4AC5-6A33-03812785AA56}"
EndProject
Project("{FAE04EC0-301F-11D3-BF4B-00C04F79EFBC}") = "Unity.CollabProxy.Editor", "Unity.CollabProxy.Editor.csproj", "{8E1DC6E7-D4C7-BE8D-5AA9-C36EA94B30D6}"
EndProject
Project("{FAE04EC0-301F-11D3-BF4B-00C04F79EFBC}") = "UnityEditor.TestRunner", "UnityEditor.TestRunner.csproj", "{5E3E4F48-075C-DD2E-2658-87816B2700B7}"
EndProject
Project("{FAE04EC0-301F-11D3-BF4B-00C04F79EFBC}") = "Unity.2D.Tilemap.Editor", "Unity.2D.Tilemap.Editor.csproj", "{0288E37E-C6DA-40A1-FA30-B98C5C2E0466}"
EndProject
Project("{FAE04EC0-301F-11D3-BF4B-00C04F79EFBC}") = "Unity.Services.Core.Editor", "Unity.Services.Core.Editor.csproj", "{795FAF1F-AEEC-464F-5471-880CEDC66C5D}"
EndProject
Project("{FAE04EC0-301F-11D3-BF4B-00C04F79EFBC}") = "Unity.Rider.Editor", "Unity.Rider.Editor.csproj", "{55605F8D-CA62-9694-3997-A446B3343FB5}"
EndProject
Project("{FAE04EC0-301F-11D3-BF4B-00C04F79EFBC}") = "Unity.2D.Path.Editor", "Unity.2D.Path.Editor.csproj", "{8EE90AAF-E3C1-1223-89A1-E7E5AED61FED}"
EndProject
Project("{FAE04EC0-301F-11D3-BF4B-00C04F79EFBC}") = "PsdPlugin", "PsdPlugin.csproj", "{2A7A61DF-350E-B51C-E6B2-B10AE3D7AC98}"
EndProject
Project("{FAE04EC0-301F-11D3-BF4B-00C04F79EFBC}") = "Unity.2D.IK.Editor", "Unity.2D.IK.Editor.csproj", "{015795F8-970F-ABA1-2B42-8D235829074E}"
EndProject
Project("{FAE04EC0-301F-11D3-BF4B-00C04F79EFBC}") = "Unity.2D.Psdimporter.Editor", "Unity.2D.Psdimporter.Editor.csproj", "{F84C7D57-39D0-1204-9990-6D35649B42DA}"
EndProject
Project("{FAE04EC0-301F-11D3-BF4B-00C04F79EFBC}") = "Unity.2D.SpriteShape.Editor", "Unity.2D.SpriteShape.Editor.csproj", "{B20FCF9C-5384-CBD8-1358-F99E73D0C618}"
EndProject
Project("{FAE04EC0-301F-11D3-BF4B-00C04F79EFBC}") = "Unity.Burst.CodeGen", "Unity.Burst.CodeGen.csproj", "{2039708B-D574-3720-FF1C-61D191356176}"
EndProject
Project("{FAE04EC0-301F-11D3-BF4B-00C04F79EFBC}") = "Unity.2D.PixelPerfect.Editor", "Unity.2D.PixelPerfect.Editor.csproj", "{3CE4F222-83E0-0FE8-F54A-DF2A69E739FA}"
EndProject
Project("{FAE04EC0-301F-11D3-BF4B-00C04F79EFBC}") = "Unity.VSCode.Editor", "Unity.VSCode.Editor.csproj", "{D7ED4A56-4015-7EB1-65DC-2F22C333DFA0}"
EndProject
Project("{FAE04EC0-301F-11D3-BF4B-00C04F79EFBC}") = "Unity.2D.Sprite.Editor", "Unity.2D.Sprite.Editor.csproj", "{8B19E28D-A71B-F91E-EF0E-A1E72D91BBBC}"
EndProject
Project("{FAE04EC0-301F-11D3-BF4B-00C04F79EFBC}") = "UnityEditor.UI", "UnityEditor.UI.csproj", "{F4A71ED9-5B50-225E-26A4-149A3EE62F8C}"
EndProject
Project("{FAE04EC0-301F-11D3-BF4B-00C04F79EFBC}") = "Unity.2D.Common.Editor", "Unity.2D.Common.Editor.csproj", "{6C1F15CD-295B-A398-2C03-AC4C9550FF1C}"
EndProject
Project("{FAE04EC0-301F-11D3-BF4B-00C04F79EFBC}") = "Unity.Mathematics.Editor", "Unity.Mathematics.Editor.csproj", "{B36B1262-3AEC-6242-4615-3A9C5A74FF06}"
EndProject
Project("{FAE04EC0-301F-11D3-BF4B-00C04F79EFBC}") = "Unity.Services.Core.Configuration.Editor", "Unity.Services.Core.Configuration.Editor.csproj", "{B387B640-B007-84B6-121E-7BBCA4F35339}"
EndProject
Project("{FAE04EC0-301F-11D3-BF4B-00C04F79EFBC}") = "Unity.2D.Tilemap.Extras.Editor", "Unity.2D.Tilemap.Extras.Editor.csproj", "{13DFF06A-6D0B-5F86-79D9-3E5E12128989}"
EndProject
Project("{FAE04EC0-301F-11D3-BF4B-00C04F79EFBC}") = "Unity.Burst.Editor", "Unity.Burst.Editor.csproj", "{FF09A05F-12EF-8B91-6339-9BB5B95D3A08}"
EndProject
Project("{FAE04EC0-301F-11D3-BF4B-00C04F79EFBC}") = "Unity.InternalAPIEditorBridge.001", "Unity.InternalAPIEditorBridge.001.csproj", "{3C4919D9-C46C-DB99-EE34-F1E4D6522797}"
EndProject
Project("{FAE04EC0-301F-11D3-BF4B-00C04F79EFBC}") = "Unity.VisualScripting.Shared.Editor", "Unity.VisualScripting.Shared.Editor.csproj", "{F6B0326F-A6ED-CC63-97F9-FB67DAF3C3B7}"
EndProject
Project("{FAE04EC0-301F-11D3-BF4B-00C04F79EFBC}") = "UnityEngine.TestRunner", "UnityEngine.TestRunner.Player.csproj", "{63D3ECA6-0628-3F72-5D22-1B8401B4563E}"
EndProject
Project("{FAE04EC0-301F-11D3-BF4B-00C04F79EFBC}") = "UnityEngine.UI", "UnityEngine.UI.Player.csproj", "{12DAE789-6652-D20D-B860-7B2DA784DFB9}"
EndProject
Project("{FAE04EC0-301F-11D3-BF4B-00C04F79EFBC}") = "Unity.VisualScripting.Flow", "Unity.VisualScripting.Flow.Player.csproj", "{EA3EF7F3-5104-9E85-51C2-FAF0114A07C1}"
EndProject
Project("{FAE04EC0-301F-11D3-BF4B-00C04F79EFBC}") = "Unity.Mathematics", "Unity.Mathematics.Player.csproj", "{7C25254B-2FA5-B338-F071-78601CDDFE76}"
EndProject
Project("{FAE04EC0-301F-11D3-BF4B-00C04F79EFBC}") = "Unity.Services.Core.Telemetry", "Unity.Services.Core.Telemetry.Player.csproj", "{02252EFE-5D20-FA59-59BA-96CA4FC891DD}"
EndProject
Project("{FAE04EC0-301F-11D3-BF4B-00C04F79EFBC}") = "Unity.VisualScripting.State", "Unity.VisualScripting.State.Player.csproj", "{E8571DF5-2BF8-FAB5-5712-CF9CD13A09AA}"
EndProject
Project("{FAE04EC0-301F-11D3-BF4B-00C04F79EFBC}") = "Unity.VisualScripting.Core", "Unity.VisualScripting.Core.Player.csproj", "{31DC6458-2047-4273-1E19-3BB9EDF5EDE3}"
EndProject
Project("{FAE04EC0-301F-11D3-BF4B-00C04F79EFBC}") = "Unity.Services.Core.Environments.Internal", "Unity.Services.Core.Environments.Internal.Player.csproj", "{DFD93613-FB3B-F0F0-119A-A6D55BD75948}"
EndProject
Project("{FAE04EC0-301F-11D3-BF4B-00C04F79EFBC}") = "Unity.Burst", "Unity.Burst.Player.csproj", "{F978CFC8-093B-646B-D456-A8D5C9224C3C}"
EndProject
Project("{FAE04EC0-301F-11D3-BF4B-00C04F79EFBC}") = "Unity.2D.Animation.Runtime", "Unity.2D.Animation.Runtime.Player.csproj", "{1EEA1A85-2927-2A83-AD2D-657CFC005AD7}"
EndProject
Project("{FAE04EC0-301F-11D3-BF4B-00C04F79EFBC}") = "Unity.TextMeshPro", "Unity.TextMeshPro.Player.csproj", "{319782AA-474A-8BA2-D27A-83D348CAE97D}"
EndProject
Project("{FAE04EC0-301F-11D3-BF4B-00C04F79EFBC}") = "Unity.Timeline", "Unity.Timeline.Player.csproj", "{A0D4FBC8-41C0-B51C-5F08-BC59BA695F8D}"
EndProject
Project("{FAE04EC0-301F-11D3-BF4B-00C04F79EFBC}") = "Unity.Services.Core", "Unity.Services.Core.Player.csproj", "{97380994-E1CF-E6C8-9AD0-BF408AAEED7A}"
EndProject
Project("{FAE04EC0-301F-11D3-BF4B-00C04F79EFBC}") = "Unity.Services.Core.Environments", "Unity.Services.Core.Environments.Player.csproj", "{77AF01BB-3D7D-0B80-9336-8FFF586C9DC0}"
EndProject
Project("{FAE04EC0-301F-11D3-BF4B-00C04F79EFBC}") = "Unity.Services.Core.Internal", "Unity.Services.Core.Internal.Player.csproj", "{12572876-4E6A-9A27-6AA1-D0AA85327C7B}"
EndProject
Project("{FAE04EC0-301F-11D3-BF4B-00C04F79EFBC}") = "Unity.Services.Core.Analytics", "Unity.Services.Core.Analytics.Player.csproj", "{60301BC6-5A70-C0C8-C00A-DE34BDFB03E8}"
EndProject
Project("{FAE04EC0-301F-11D3-BF4B-00C04F79EFBC}") = "Unity.2D.SpriteShape.Runtime", "Unity.2D.SpriteShape.Runtime.Player.csproj", "{FFEA9A7A-9797-5B5A-24B0-FDB12D942033}"
EndProject
Project("{FAE04EC0-301F-11D3-BF4B-00C04F79EFBC}") = "Unity.Services.Core.Scheduler", "Unity.Services.Core.Scheduler.Player.csproj", "{45A799B9-6ABF-D542-2CEB-5E07C38A6805}"
EndProject
Project("{FAE04EC0-301F-11D3-BF4B-00C04F79EFBC}") = "Unity.Services.Core.Registration", "Unity.Services.Core.Registration.Player.csproj", "{A3A8DFD1-0FDB-7574-0AF1-F28696F29C0A}"
EndProject
Project("{FAE04EC0-301F-11D3-BF4B-00C04F79EFBC}") = "Unity.2D.PixelPerfect", "Unity.2D.PixelPerfect.Player.csproj", "{9075AA4D-5118-5728-B1C9-5C6A478A8162}"
EndProject
Project("{FAE04EC0-301F-11D3-BF4B-00C04F79EFBC}") = "Unity.2D.Common.Runtime", "Unity.2D.Common.Runtime.Player.csproj", "{91A02BB5-47E2-764B-2C50-A6658C9E42A6}"
EndProject
Project("{FAE04EC0-301F-11D3-BF4B-00C04F79EFBC}") = "Unity.2D.IK.Runtime", "Unity.2D.IK.Runtime.Player.csproj", "{D0BB2EE6-4B19-4B62-11EA-90E83F90C74F}"
EndProject
Project("{FAE04EC0-301F-11D3-BF4B-00C04F79EFBC}") = "Unity.Services.Core.Device", "Unity.Services.Core.Device.Player.csproj", "{BC5CA166-CFBD-432C-EA2B-B9AEF77D6FAE}"
EndProject
Project("{FAE04EC0-301F-11D3-BF4B-00C04F79EFBC}") = "Unity.Services.Core.Threading", "Unity.Services.Core.Threading.Player.csproj", "{149E9157-96D3-F9EF-B9C8-B130BED66C97}"
EndProject
Project("{FAE04EC0-301F-11D3-BF4B-00C04F79EFBC}") = "Assembly-CSharp", "Assembly-CSharp.Player.csproj", "{7A159CFE-4D2D-DCC0-8C4F-85F28E602CE3}"
EndProject
Project("{FAE04EC0-301F-11D3-BF4B-00C04F79EFBC}") = "Unity.2D.Tilemap.Extras", "Unity.2D.Tilemap.Extras.Player.csproj", "{79C3FCAE-2873-B94A-4963-4A4CBD6CED3E}"
EndProject
Project("{FAE04EC0-301F-11D3-BF4B-00C04F79EFBC}") = "Unity.Services.Core.Networking", "Unity.Services.Core.Networking.Player.csproj", "{415FBE2A-C233-143F-A5EC-D470CD4B3EAD}"
EndProject
Project("{FAE04EC0-301F-11D3-BF4B-00C04F79EFBC}") = "Unity.InternalAPIEngineBridge.001", "Unity.InternalAPIEngineBridge.001.Player.csproj", "{247ACFCB-E00B-E406-AD71-CF2897B56A01}"
EndProject
Project("{FAE04EC0-301F-11D3-BF4B-00C04F79EFBC}") = "Unity.Services.Core.Configuration", "Unity.Services.Core.Configuration.Player.csproj", "{0B8C3468-BDC2-114F-C0C2-06D7F4003AE4}"
EndProject
Global
	GlobalSection(SolutionConfigurationPlatforms) = preSolution
		Debug|Any CPU = Debug|Any CPU
		Release|Any CPU = Release|Any CPU
	EndGlobalSection
	GlobalSection(ProjectConfigurationPlatforms) = postSolution
		{C0B61518-6C9C-6FF6-2BFD-AF7D133873F1}.Debug|Any CPU.ActiveCfg = Debug|Any CPU
		{C0B61518-6C9C-6FF6-2BFD-AF7D133873F1}.Debug|Any CPU.Build.0 = Debug|Any CPU
		{C0B61518-6C9C-6FF6-2BFD-AF7D133873F1}.Release|Any CPU.ActiveCfg = Release|Any CPU
		{C0B61518-6C9C-6FF6-2BFD-AF7D133873F1}.Release|Any CPU.Build.0 = Release|Any CPU
		{56A24E59-FCE5-FB84-EBAE-8FB3DF60E4BE}.Debug|Any CPU.ActiveCfg = Debug|Any CPU
		{56A24E59-FCE5-FB84-EBAE-8FB3DF60E4BE}.Debug|Any CPU.Build.0 = Debug|Any CPU
		{56A24E59-FCE5-FB84-EBAE-8FB3DF60E4BE}.Release|Any CPU.ActiveCfg = Release|Any CPU
		{56A24E59-FCE5-FB84-EBAE-8FB3DF60E4BE}.Release|Any CPU.Build.0 = Release|Any CPU
		{0C7727E1-9C6A-7576-2AFC-066DADB727CA}.Debug|Any CPU.ActiveCfg = Debug|Any CPU
		{0C7727E1-9C6A-7576-2AFC-066DADB727CA}.Debug|Any CPU.Build.0 = Debug|Any CPU
		{0C7727E1-9C6A-7576-2AFC-066DADB727CA}.Release|Any CPU.ActiveCfg = Release|Any CPU
		{0C7727E1-9C6A-7576-2AFC-066DADB727CA}.Release|Any CPU.Build.0 = Release|Any CPU
		{60D9D486-2D00-30BD-D644-96B2128F9A45}.Debug|Any CPU.ActiveCfg = Debug|Any CPU
		{60D9D486-2D00-30BD-D644-96B2128F9A45}.Debug|Any CPU.Build.0 = Debug|Any CPU
		{60D9D486-2D00-30BD-D644-96B2128F9A45}.Release|Any CPU.ActiveCfg = Release|Any CPU
		{60D9D486-2D00-30BD-D644-96B2128F9A45}.Release|Any CPU.Build.0 = Release|Any CPU
		{CD3385BA-FF6C-6D30-90B9-93D2A93956A6}.Debug|Any CPU.ActiveCfg = Debug|Any CPU
		{CD3385BA-FF6C-6D30-90B9-93D2A93956A6}.Debug|Any CPU.Build.0 = Debug|Any CPU
		{CD3385BA-FF6C-6D30-90B9-93D2A93956A6}.Release|Any CPU.ActiveCfg = Release|Any CPU
		{CD3385BA-FF6C-6D30-90B9-93D2A93956A6}.Release|Any CPU.Build.0 = Release|Any CPU
		{0BAC45C5-F1F0-244F-75B6-9741E21F9720}.Debug|Any CPU.ActiveCfg = Debug|Any CPU
		{0BAC45C5-F1F0-244F-75B6-9741E21F9720}.Debug|Any CPU.Build.0 = Debug|Any CPU
		{0BAC45C5-F1F0-244F-75B6-9741E21F9720}.Release|Any CPU.ActiveCfg = Release|Any CPU
		{0BAC45C5-F1F0-244F-75B6-9741E21F9720}.Release|Any CPU.Build.0 = Release|Any CPU
		{2C70AAFB-4C2C-6186-1212-2F78A19B7CCF}.Debug|Any CPU.ActiveCfg = Debug|Any CPU
		{2C70AAFB-4C2C-6186-1212-2F78A19B7CCF}.Debug|Any CPU.Build.0 = Debug|Any CPU
		{2C70AAFB-4C2C-6186-1212-2F78A19B7CCF}.Release|Any CPU.ActiveCfg = Release|Any CPU
		{2C70AAFB-4C2C-6186-1212-2F78A19B7CCF}.Release|Any CPU.Build.0 = Release|Any CPU
		{9CF96E50-086E-49F6-9E12-D9C73B886714}.Debug|Any CPU.ActiveCfg = Debug|Any CPU
		{9CF96E50-086E-49F6-9E12-D9C73B886714}.Debug|Any CPU.Build.0 = Debug|Any CPU
		{9CF96E50-086E-49F6-9E12-D9C73B886714}.Release|Any CPU.ActiveCfg = Release|Any CPU
		{9CF96E50-086E-49F6-9E12-D9C73B886714}.Release|Any CPU.Build.0 = Release|Any CPU
		{9DB76C9C-9020-708B-AEA1-3DC7578FD0E5}.Debug|Any CPU.ActiveCfg = Debug|Any CPU
		{9DB76C9C-9020-708B-AEA1-3DC7578FD0E5}.Debug|Any CPU.Build.0 = Debug|Any CPU
		{9DB76C9C-9020-708B-AEA1-3DC7578FD0E5}.Release|Any CPU.ActiveCfg = Release|Any CPU
		{9DB76C9C-9020-708B-AEA1-3DC7578FD0E5}.Release|Any CPU.Build.0 = Release|Any CPU
		{116B6614-BA99-6C93-B409-BCFEB85CD597}.Debug|Any CPU.ActiveCfg = Debug|Any CPU
		{116B6614-BA99-6C93-B409-BCFEB85CD597}.Debug|Any CPU.Build.0 = Debug|Any CPU
		{116B6614-BA99-6C93-B409-BCFEB85CD597}.Release|Any CPU.ActiveCfg = Release|Any CPU
		{116B6614-BA99-6C93-B409-BCFEB85CD597}.Release|Any CPU.Build.0 = Release|Any CPU
		{9AC6DC71-ABE3-D8DD-9BEA-98CDB8567357}.Debug|Any CPU.ActiveCfg = Debug|Any CPU
		{9AC6DC71-ABE3-D8DD-9BEA-98CDB8567357}.Debug|Any CPU.Build.0 = Debug|Any CPU
		{9AC6DC71-ABE3-D8DD-9BEA-98CDB8567357}.Release|Any CPU.ActiveCfg = Release|Any CPU
		{9AC6DC71-ABE3-D8DD-9BEA-98CDB8567357}.Release|Any CPU.Build.0 = Release|Any CPU
		{016AAC95-6389-3EE1-5846-694541C4B1E7}.Debug|Any CPU.ActiveCfg = Debug|Any CPU
		{016AAC95-6389-3EE1-5846-694541C4B1E7}.Debug|Any CPU.Build.0 = Debug|Any CPU
		{016AAC95-6389-3EE1-5846-694541C4B1E7}.Release|Any CPU.ActiveCfg = Release|Any CPU
		{016AAC95-6389-3EE1-5846-694541C4B1E7}.Release|Any CPU.Build.0 = Release|Any CPU
		{719BCEDE-857F-166B-43EB-EFB7D9DC7BE5}.Debug|Any CPU.ActiveCfg = Debug|Any CPU
		{719BCEDE-857F-166B-43EB-EFB7D9DC7BE5}.Debug|Any CPU.Build.0 = Debug|Any CPU
		{719BCEDE-857F-166B-43EB-EFB7D9DC7BE5}.Release|Any CPU.ActiveCfg = Release|Any CPU
		{719BCEDE-857F-166B-43EB-EFB7D9DC7BE5}.Release|Any CPU.Build.0 = Release|Any CPU
		{F7313103-09B9-8B28-2E7E-98B53A3EFE8F}.Debug|Any CPU.ActiveCfg = Debug|Any CPU
		{F7313103-09B9-8B28-2E7E-98B53A3EFE8F}.Debug|Any CPU.Build.0 = Debug|Any CPU
		{F7313103-09B9-8B28-2E7E-98B53A3EFE8F}.Release|Any CPU.ActiveCfg = Release|Any CPU
		{F7313103-09B9-8B28-2E7E-98B53A3EFE8F}.Release|Any CPU.Build.0 = Release|Any CPU
		{F9BADACA-F24A-8D41-BD0B-2EA7A9D46D7D}.Debug|Any CPU.ActiveCfg = Debug|Any CPU
		{F9BADACA-F24A-8D41-BD0B-2EA7A9D46D7D}.Debug|Any CPU.Build.0 = Debug|Any CPU
		{F9BADACA-F24A-8D41-BD0B-2EA7A9D46D7D}.Release|Any CPU.ActiveCfg = Release|Any CPU
		{F9BADACA-F24A-8D41-BD0B-2EA7A9D46D7D}.Release|Any CPU.Build.0 = Release|Any CPU
		{32FCC281-320C-78EC-E73A-E4020C827BAC}.Debug|Any CPU.ActiveCfg = Debug|Any CPU
		{32FCC281-320C-78EC-E73A-E4020C827BAC}.Debug|Any CPU.Build.0 = Debug|Any CPU
		{32FCC281-320C-78EC-E73A-E4020C827BAC}.Release|Any CPU.ActiveCfg = Release|Any CPU
		{32FCC281-320C-78EC-E73A-E4020C827BAC}.Release|Any CPU.Build.0 = Release|Any CPU
		{18FC9CA9-678C-4B78-532F-F69E70928EB4}.Debug|Any CPU.ActiveCfg = Debug|Any CPU
		{18FC9CA9-678C-4B78-532F-F69E70928EB4}.Debug|Any CPU.Build.0 = Debug|Any CPU
		{18FC9CA9-678C-4B78-532F-F69E70928EB4}.Release|Any CPU.ActiveCfg = Release|Any CPU
		{18FC9CA9-678C-4B78-532F-F69E70928EB4}.Release|Any CPU.Build.0 = Release|Any CPU
		{8FE5599F-7C1E-A7AE-0576-460ED624F0F8}.Debug|Any CPU.ActiveCfg = Debug|Any CPU
		{8FE5599F-7C1E-A7AE-0576-460ED624F0F8}.Debug|Any CPU.Build.0 = Debug|Any CPU
		{8FE5599F-7C1E-A7AE-0576-460ED624F0F8}.Release|Any CPU.ActiveCfg = Release|Any CPU
		{8FE5599F-7C1E-A7AE-0576-460ED624F0F8}.Release|Any CPU.Build.0 = Release|Any CPU
		{DAB2D5E1-9427-1AC2-F761-AE5085CE50DD}.Debug|Any CPU.ActiveCfg = Debug|Any CPU
		{DAB2D5E1-9427-1AC2-F761-AE5085CE50DD}.Debug|Any CPU.Build.0 = Debug|Any CPU
		{DAB2D5E1-9427-1AC2-F761-AE5085CE50DD}.Release|Any CPU.ActiveCfg = Release|Any CPU
		{DAB2D5E1-9427-1AC2-F761-AE5085CE50DD}.Release|Any CPU.Build.0 = Release|Any CPU
		{4F954D9E-3B37-88CC-1C22-32D548967B4C}.Debug|Any CPU.ActiveCfg = Debug|Any CPU
		{4F954D9E-3B37-88CC-1C22-32D548967B4C}.Debug|Any CPU.Build.0 = Debug|Any CPU
		{4F954D9E-3B37-88CC-1C22-32D548967B4C}.Release|Any CPU.ActiveCfg = Release|Any CPU
		{4F954D9E-3B37-88CC-1C22-32D548967B4C}.Release|Any CPU.Build.0 = Release|Any CPU
		{3B6BA64E-EAD2-15D8-EA4C-3240F3AD8E47}.Debug|Any CPU.ActiveCfg = Debug|Any CPU
		{3B6BA64E-EAD2-15D8-EA4C-3240F3AD8E47}.Debug|Any CPU.Build.0 = Debug|Any CPU
		{3B6BA64E-EAD2-15D8-EA4C-3240F3AD8E47}.Release|Any CPU.ActiveCfg = Release|Any CPU
		{3B6BA64E-EAD2-15D8-EA4C-3240F3AD8E47}.Release|Any CPU.Build.0 = Release|Any CPU
		{7FC939D8-EC91-DBDB-D53E-64A2B47A314C}.Debug|Any CPU.ActiveCfg = Debug|Any CPU
		{7FC939D8-EC91-DBDB-D53E-64A2B47A314C}.Debug|Any CPU.Build.0 = Debug|Any CPU
		{7FC939D8-EC91-DBDB-D53E-64A2B47A314C}.Release|Any CPU.ActiveCfg = Release|Any CPU
		{7FC939D8-EC91-DBDB-D53E-64A2B47A314C}.Release|Any CPU.Build.0 = Release|Any CPU
		{8AD4889E-DE2D-02BD-BA7E-23AAE4733432}.Debug|Any CPU.ActiveCfg = Debug|Any CPU
		{8AD4889E-DE2D-02BD-BA7E-23AAE4733432}.Debug|Any CPU.Build.0 = Debug|Any CPU
		{8AD4889E-DE2D-02BD-BA7E-23AAE4733432}.Release|Any CPU.ActiveCfg = Release|Any CPU
		{8AD4889E-DE2D-02BD-BA7E-23AAE4733432}.Release|Any CPU.Build.0 = Release|Any CPU
		{E1E3F84B-11D8-57CC-1150-4D81C628DA75}.Debug|Any CPU.ActiveCfg = Debug|Any CPU
		{E1E3F84B-11D8-57CC-1150-4D81C628DA75}.Debug|Any CPU.Build.0 = Debug|Any CPU
		{E1E3F84B-11D8-57CC-1150-4D81C628DA75}.Release|Any CPU.ActiveCfg = Release|Any CPU
		{E1E3F84B-11D8-57CC-1150-4D81C628DA75}.Release|Any CPU.Build.0 = Release|Any CPU
		{9D124CA2-A13A-DD01-37C7-592498571255}.Debug|Any CPU.ActiveCfg = Debug|Any CPU
		{9D124CA2-A13A-DD01-37C7-592498571255}.Debug|Any CPU.Build.0 = Debug|Any CPU
		{9D124CA2-A13A-DD01-37C7-592498571255}.Release|Any CPU.ActiveCfg = Release|Any CPU
		{9D124CA2-A13A-DD01-37C7-592498571255}.Release|Any CPU.Build.0 = Release|Any CPU
		{F8422FD1-FC4C-2655-08F8-D82C478F8606}.Debug|Any CPU.ActiveCfg = Debug|Any CPU
		{F8422FD1-FC4C-2655-08F8-D82C478F8606}.Debug|Any CPU.Build.0 = Debug|Any CPU
		{F8422FD1-FC4C-2655-08F8-D82C478F8606}.Release|Any CPU.ActiveCfg = Release|Any CPU
		{F8422FD1-FC4C-2655-08F8-D82C478F8606}.Release|Any CPU.Build.0 = Release|Any CPU
		{D3C97A3F-5CDE-BA59-52D2-AA3284EA6487}.Debug|Any CPU.ActiveCfg = Debug|Any CPU
		{D3C97A3F-5CDE-BA59-52D2-AA3284EA6487}.Debug|Any CPU.Build.0 = Debug|Any CPU
		{D3C97A3F-5CDE-BA59-52D2-AA3284EA6487}.Release|Any CPU.ActiveCfg = Release|Any CPU
		{D3C97A3F-5CDE-BA59-52D2-AA3284EA6487}.Release|Any CPU.Build.0 = Release|Any CPU
		{F78345D6-5DBA-D488-86E9-03A7DA807A89}.Debug|Any CPU.ActiveCfg = Debug|Any CPU
		{F78345D6-5DBA-D488-86E9-03A7DA807A89}.Debug|Any CPU.Build.0 = Debug|Any CPU
		{F78345D6-5DBA-D488-86E9-03A7DA807A89}.Release|Any CPU.ActiveCfg = Release|Any CPU
		{F78345D6-5DBA-D488-86E9-03A7DA807A89}.Release|Any CPU.Build.0 = Release|Any CPU
		{731B879D-BF21-8EE7-5A95-3A54EE176C84}.Debug|Any CPU.ActiveCfg = Debug|Any CPU
		{731B879D-BF21-8EE7-5A95-3A54EE176C84}.Debug|Any CPU.Build.0 = Debug|Any CPU
		{731B879D-BF21-8EE7-5A95-3A54EE176C84}.Release|Any CPU.ActiveCfg = Release|Any CPU
		{731B879D-BF21-8EE7-5A95-3A54EE176C84}.Release|Any CPU.Build.0 = Release|Any CPU
		{28BC7F3E-F80D-CBBB-10B2-3B41889EDED6}.Debug|Any CPU.ActiveCfg = Debug|Any CPU
		{28BC7F3E-F80D-CBBB-10B2-3B41889EDED6}.Debug|Any CPU.Build.0 = Debug|Any CPU
		{28BC7F3E-F80D-CBBB-10B2-3B41889EDED6}.Release|Any CPU.ActiveCfg = Release|Any CPU
		{28BC7F3E-F80D-CBBB-10B2-3B41889EDED6}.Release|Any CPU.Build.0 = Release|Any CPU
		{A1F1DDF3-AEC0-2D5C-2F1B-D9E53112529B}.Debug|Any CPU.ActiveCfg = Debug|Any CPU
		{A1F1DDF3-AEC0-2D5C-2F1B-D9E53112529B}.Debug|Any CPU.Build.0 = Debug|Any CPU
		{A1F1DDF3-AEC0-2D5C-2F1B-D9E53112529B}.Release|Any CPU.ActiveCfg = Release|Any CPU
		{A1F1DDF3-AEC0-2D5C-2F1B-D9E53112529B}.Release|Any CPU.Build.0 = Release|Any CPU
		{FB313FE4-DF6C-5939-B285-2D6F5805547C}.Debug|Any CPU.ActiveCfg = Debug|Any CPU
		{FB313FE4-DF6C-5939-B285-2D6F5805547C}.Debug|Any CPU.Build.0 = Debug|Any CPU
		{FB313FE4-DF6C-5939-B285-2D6F5805547C}.Release|Any CPU.ActiveCfg = Release|Any CPU
		{FB313FE4-DF6C-5939-B285-2D6F5805547C}.Release|Any CPU.Build.0 = Release|Any CPU
		{59A87FBE-40D3-D054-7813-CD9C1BF1A1F2}.Debug|Any CPU.ActiveCfg = Debug|Any CPU
		{59A87FBE-40D3-D054-7813-CD9C1BF1A1F2}.Debug|Any CPU.Build.0 = Debug|Any CPU
		{59A87FBE-40D3-D054-7813-CD9C1BF1A1F2}.Release|Any CPU.ActiveCfg = Release|Any CPU
		{59A87FBE-40D3-D054-7813-CD9C1BF1A1F2}.Release|Any CPU.Build.0 = Release|Any CPU
		{8795D9CE-77C7-62BF-9E8F-B774BD41AD10}.Debug|Any CPU.ActiveCfg = Debug|Any CPU
		{8795D9CE-77C7-62BF-9E8F-B774BD41AD10}.Debug|Any CPU.Build.0 = Debug|Any CPU
		{8795D9CE-77C7-62BF-9E8F-B774BD41AD10}.Release|Any CPU.ActiveCfg = Release|Any CPU
		{8795D9CE-77C7-62BF-9E8F-B774BD41AD10}.Release|Any CPU.Build.0 = Release|Any CPU
		{585347E3-FD48-BE2D-23C8-A13C18022224}.Debug|Any CPU.ActiveCfg = Debug|Any CPU
		{585347E3-FD48-BE2D-23C8-A13C18022224}.Debug|Any CPU.Build.0 = Debug|Any CPU
		{585347E3-FD48-BE2D-23C8-A13C18022224}.Release|Any CPU.ActiveCfg = Release|Any CPU
		{585347E3-FD48-BE2D-23C8-A13C18022224}.Release|Any CPU.Build.0 = Release|Any CPU
		{FC83F4E1-EC86-C186-73F1-6CC862DFFDA0}.Debug|Any CPU.ActiveCfg = Debug|Any CPU
		{FC83F4E1-EC86-C186-73F1-6CC862DFFDA0}.Debug|Any CPU.Build.0 = Debug|Any CPU
		{FC83F4E1-EC86-C186-73F1-6CC862DFFDA0}.Release|Any CPU.ActiveCfg = Release|Any CPU
		{FC83F4E1-EC86-C186-73F1-6CC862DFFDA0}.Release|Any CPU.Build.0 = Release|Any CPU
		{AF6260F1-B5D2-D9A4-701F-1DDDB28D2D2D}.Debug|Any CPU.ActiveCfg = Debug|Any CPU
		{AF6260F1-B5D2-D9A4-701F-1DDDB28D2D2D}.Debug|Any CPU.Build.0 = Debug|Any CPU
		{AF6260F1-B5D2-D9A4-701F-1DDDB28D2D2D}.Release|Any CPU.ActiveCfg = Release|Any CPU
		{AF6260F1-B5D2-D9A4-701F-1DDDB28D2D2D}.Release|Any CPU.Build.0 = Release|Any CPU
		{FA0D0D78-DC03-4AC5-6A33-03812785AA56}.Debug|Any CPU.ActiveCfg = Debug|Any CPU
		{FA0D0D78-DC03-4AC5-6A33-03812785AA56}.Debug|Any CPU.Build.0 = Debug|Any CPU
		{FA0D0D78-DC03-4AC5-6A33-03812785AA56}.Release|Any CPU.ActiveCfg = Release|Any CPU
		{FA0D0D78-DC03-4AC5-6A33-03812785AA56}.Release|Any CPU.Build.0 = Release|Any CPU
		{8E1DC6E7-D4C7-BE8D-5AA9-C36EA94B30D6}.Debug|Any CPU.ActiveCfg = Debug|Any CPU
		{8E1DC6E7-D4C7-BE8D-5AA9-C36EA94B30D6}.Debug|Any CPU.Build.0 = Debug|Any CPU
		{8E1DC6E7-D4C7-BE8D-5AA9-C36EA94B30D6}.Release|Any CPU.ActiveCfg = Release|Any CPU
		{8E1DC6E7-D4C7-BE8D-5AA9-C36EA94B30D6}.Release|Any CPU.Build.0 = Release|Any CPU
		{5E3E4F48-075C-DD2E-2658-87816B2700B7}.Debug|Any CPU.ActiveCfg = Debug|Any CPU
		{5E3E4F48-075C-DD2E-2658-87816B2700B7}.Debug|Any CPU.Build.0 = Debug|Any CPU
		{5E3E4F48-075C-DD2E-2658-87816B2700B7}.Release|Any CPU.ActiveCfg = Release|Any CPU
		{5E3E4F48-075C-DD2E-2658-87816B2700B7}.Release|Any CPU.Build.0 = Release|Any CPU
		{0288E37E-C6DA-40A1-FA30-B98C5C2E0466}.Debug|Any CPU.ActiveCfg = Debug|Any CPU
		{0288E37E-C6DA-40A1-FA30-B98C5C2E0466}.Debug|Any CPU.Build.0 = Debug|Any CPU
		{0288E37E-C6DA-40A1-FA30-B98C5C2E0466}.Release|Any CPU.ActiveCfg = Release|Any CPU
		{0288E37E-C6DA-40A1-FA30-B98C5C2E0466}.Release|Any CPU.Build.0 = Release|Any CPU
		{795FAF1F-AEEC-464F-5471-880CEDC66C5D}.Debug|Any CPU.ActiveCfg = Debug|Any CPU
		{795FAF1F-AEEC-464F-5471-880CEDC66C5D}.Debug|Any CPU.Build.0 = Debug|Any CPU
		{795FAF1F-AEEC-464F-5471-880CEDC66C5D}.Release|Any CPU.ActiveCfg = Release|Any CPU
		{795FAF1F-AEEC-464F-5471-880CEDC66C5D}.Release|Any CPU.Build.0 = Release|Any CPU
		{55605F8D-CA62-9694-3997-A446B3343FB5}.Debug|Any CPU.ActiveCfg = Debug|Any CPU
		{55605F8D-CA62-9694-3997-A446B3343FB5}.Debug|Any CPU.Build.0 = Debug|Any CPU
		{55605F8D-CA62-9694-3997-A446B3343FB5}.Release|Any CPU.ActiveCfg = Release|Any CPU
		{55605F8D-CA62-9694-3997-A446B3343FB5}.Release|Any CPU.Build.0 = Release|Any CPU
		{8EE90AAF-E3C1-1223-89A1-E7E5AED61FED}.Debug|Any CPU.ActiveCfg = Debug|Any CPU
		{8EE90AAF-E3C1-1223-89A1-E7E5AED61FED}.Debug|Any CPU.Build.0 = Debug|Any CPU
		{8EE90AAF-E3C1-1223-89A1-E7E5AED61FED}.Release|Any CPU.ActiveCfg = Release|Any CPU
		{8EE90AAF-E3C1-1223-89A1-E7E5AED61FED}.Release|Any CPU.Build.0 = Release|Any CPU
		{2A7A61DF-350E-B51C-E6B2-B10AE3D7AC98}.Debug|Any CPU.ActiveCfg = Debug|Any CPU
		{2A7A61DF-350E-B51C-E6B2-B10AE3D7AC98}.Debug|Any CPU.Build.0 = Debug|Any CPU
		{2A7A61DF-350E-B51C-E6B2-B10AE3D7AC98}.Release|Any CPU.ActiveCfg = Release|Any CPU
		{2A7A61DF-350E-B51C-E6B2-B10AE3D7AC98}.Release|Any CPU.Build.0 = Release|Any CPU
		{015795F8-970F-ABA1-2B42-8D235829074E}.Debug|Any CPU.ActiveCfg = Debug|Any CPU
		{015795F8-970F-ABA1-2B42-8D235829074E}.Debug|Any CPU.Build.0 = Debug|Any CPU
		{015795F8-970F-ABA1-2B42-8D235829074E}.Release|Any CPU.ActiveCfg = Release|Any CPU
		{015795F8-970F-ABA1-2B42-8D235829074E}.Release|Any CPU.Build.0 = Release|Any CPU
		{F84C7D57-39D0-1204-9990-6D35649B42DA}.Debug|Any CPU.ActiveCfg = Debug|Any CPU
		{F84C7D57-39D0-1204-9990-6D35649B42DA}.Debug|Any CPU.Build.0 = Debug|Any CPU
		{F84C7D57-39D0-1204-9990-6D35649B42DA}.Release|Any CPU.ActiveCfg = Release|Any CPU
		{F84C7D57-39D0-1204-9990-6D35649B42DA}.Release|Any CPU.Build.0 = Release|Any CPU
		{B20FCF9C-5384-CBD8-1358-F99E73D0C618}.Debug|Any CPU.ActiveCfg = Debug|Any CPU
		{B20FCF9C-5384-CBD8-1358-F99E73D0C618}.Debug|Any CPU.Build.0 = Debug|Any CPU
		{B20FCF9C-5384-CBD8-1358-F99E73D0C618}.Release|Any CPU.ActiveCfg = Release|Any CPU
		{B20FCF9C-5384-CBD8-1358-F99E73D0C618}.Release|Any CPU.Build.0 = Release|Any CPU
		{2039708B-D574-3720-FF1C-61D191356176}.Debug|Any CPU.ActiveCfg = Debug|Any CPU
		{2039708B-D574-3720-FF1C-61D191356176}.Debug|Any CPU.Build.0 = Debug|Any CPU
		{2039708B-D574-3720-FF1C-61D191356176}.Release|Any CPU.ActiveCfg = Release|Any CPU
		{2039708B-D574-3720-FF1C-61D191356176}.Release|Any CPU.Build.0 = Release|Any CPU
		{3CE4F222-83E0-0FE8-F54A-DF2A69E739FA}.Debug|Any CPU.ActiveCfg = Debug|Any CPU
		{3CE4F222-83E0-0FE8-F54A-DF2A69E739FA}.Debug|Any CPU.Build.0 = Debug|Any CPU
		{3CE4F222-83E0-0FE8-F54A-DF2A69E739FA}.Release|Any CPU.ActiveCfg = Release|Any CPU
		{3CE4F222-83E0-0FE8-F54A-DF2A69E739FA}.Release|Any CPU.Build.0 = Release|Any CPU
		{D7ED4A56-4015-7EB1-65DC-2F22C333DFA0}.Debug|Any CPU.ActiveCfg = Debug|Any CPU
		{D7ED4A56-4015-7EB1-65DC-2F22C333DFA0}.Debug|Any CPU.Build.0 = Debug|Any CPU
		{D7ED4A56-4015-7EB1-65DC-2F22C333DFA0}.Release|Any CPU.ActiveCfg = Release|Any CPU
		{D7ED4A56-4015-7EB1-65DC-2F22C333DFA0}.Release|Any CPU.Build.0 = Release|Any CPU
		{8B19E28D-A71B-F91E-EF0E-A1E72D91BBBC}.Debug|Any CPU.ActiveCfg = Debug|Any CPU
		{8B19E28D-A71B-F91E-EF0E-A1E72D91BBBC}.Debug|Any CPU.Build.0 = Debug|Any CPU
		{8B19E28D-A71B-F91E-EF0E-A1E72D91BBBC}.Release|Any CPU.ActiveCfg = Release|Any CPU
		{8B19E28D-A71B-F91E-EF0E-A1E72D91BBBC}.Release|Any CPU.Build.0 = Release|Any CPU
		{F4A71ED9-5B50-225E-26A4-149A3EE62F8C}.Debug|Any CPU.ActiveCfg = Debug|Any CPU
		{F4A71ED9-5B50-225E-26A4-149A3EE62F8C}.Debug|Any CPU.Build.0 = Debug|Any CPU
		{F4A71ED9-5B50-225E-26A4-149A3EE62F8C}.Release|Any CPU.ActiveCfg = Release|Any CPU
		{F4A71ED9-5B50-225E-26A4-149A3EE62F8C}.Release|Any CPU.Build.0 = Release|Any CPU
		{6C1F15CD-295B-A398-2C03-AC4C9550FF1C}.Debug|Any CPU.ActiveCfg = Debug|Any CPU
		{6C1F15CD-295B-A398-2C03-AC4C9550FF1C}.Debug|Any CPU.Build.0 = Debug|Any CPU
		{6C1F15CD-295B-A398-2C03-AC4C9550FF1C}.Release|Any CPU.ActiveCfg = Release|Any CPU
		{6C1F15CD-295B-A398-2C03-AC4C9550FF1C}.Release|Any CPU.Build.0 = Release|Any CPU
		{B36B1262-3AEC-6242-4615-3A9C5A74FF06}.Debug|Any CPU.ActiveCfg = Debug|Any CPU
		{B36B1262-3AEC-6242-4615-3A9C5A74FF06}.Debug|Any CPU.Build.0 = Debug|Any CPU
		{B36B1262-3AEC-6242-4615-3A9C5A74FF06}.Release|Any CPU.ActiveCfg = Release|Any CPU
		{B36B1262-3AEC-6242-4615-3A9C5A74FF06}.Release|Any CPU.Build.0 = Release|Any CPU
		{B387B640-B007-84B6-121E-7BBCA4F35339}.Debug|Any CPU.ActiveCfg = Debug|Any CPU
		{B387B640-B007-84B6-121E-7BBCA4F35339}.Debug|Any CPU.Build.0 = Debug|Any CPU
		{B387B640-B007-84B6-121E-7BBCA4F35339}.Release|Any CPU.ActiveCfg = Release|Any CPU
		{B387B640-B007-84B6-121E-7BBCA4F35339}.Release|Any CPU.Build.0 = Release|Any CPU
		{13DFF06A-6D0B-5F86-79D9-3E5E12128989}.Debug|Any CPU.ActiveCfg = Debug|Any CPU
		{13DFF06A-6D0B-5F86-79D9-3E5E12128989}.Debug|Any CPU.Build.0 = Debug|Any CPU
		{13DFF06A-6D0B-5F86-79D9-3E5E12128989}.Release|Any CPU.ActiveCfg = Release|Any CPU
		{13DFF06A-6D0B-5F86-79D9-3E5E12128989}.Release|Any CPU.Build.0 = Release|Any CPU
		{FF09A05F-12EF-8B91-6339-9BB5B95D3A08}.Debug|Any CPU.ActiveCfg = Debug|Any CPU
		{FF09A05F-12EF-8B91-6339-9BB5B95D3A08}.Debug|Any CPU.Build.0 = Debug|Any CPU
		{FF09A05F-12EF-8B91-6339-9BB5B95D3A08}.Release|Any CPU.ActiveCfg = Release|Any CPU
		{FF09A05F-12EF-8B91-6339-9BB5B95D3A08}.Release|Any CPU.Build.0 = Release|Any CPU
		{3C4919D9-C46C-DB99-EE34-F1E4D6522797}.Debug|Any CPU.ActiveCfg = Debug|Any CPU
		{3C4919D9-C46C-DB99-EE34-F1E4D6522797}.Debug|Any CPU.Build.0 = Debug|Any CPU
		{3C4919D9-C46C-DB99-EE34-F1E4D6522797}.Release|Any CPU.ActiveCfg = Release|Any CPU
		{3C4919D9-C46C-DB99-EE34-F1E4D6522797}.Release|Any CPU.Build.0 = Release|Any CPU
		{F6B0326F-A6ED-CC63-97F9-FB67DAF3C3B7}.Debug|Any CPU.ActiveCfg = Debug|Any CPU
		{F6B0326F-A6ED-CC63-97F9-FB67DAF3C3B7}.Debug|Any CPU.Build.0 = Debug|Any CPU
		{F6B0326F-A6ED-CC63-97F9-FB67DAF3C3B7}.Release|Any CPU.ActiveCfg = Release|Any CPU
		{F6B0326F-A6ED-CC63-97F9-FB67DAF3C3B7}.Release|Any CPU.Build.0 = Release|Any CPU
		{63D3ECA6-0628-3F72-5D22-1B8401B4563E}.Debug|Any CPU.ActiveCfg = Debug|Any CPU
		{63D3ECA6-0628-3F72-5D22-1B8401B4563E}.Debug|Any CPU.Build.0 = Debug|Any CPU
		{63D3ECA6-0628-3F72-5D22-1B8401B4563E}.Release|Any CPU.ActiveCfg = Release|Any CPU
		{63D3ECA6-0628-3F72-5D22-1B8401B4563E}.Release|Any CPU.Build.0 = Release|Any CPU
		{12DAE789-6652-D20D-B860-7B2DA784DFB9}.Debug|Any CPU.ActiveCfg = Debug|Any CPU
		{12DAE789-6652-D20D-B860-7B2DA784DFB9}.Debug|Any CPU.Build.0 = Debug|Any CPU
		{12DAE789-6652-D20D-B860-7B2DA784DFB9}.Release|Any CPU.ActiveCfg = Release|Any CPU
		{12DAE789-6652-D20D-B860-7B2DA784DFB9}.Release|Any CPU.Build.0 = Release|Any CPU
		{EA3EF7F3-5104-9E85-51C2-FAF0114A07C1}.Debug|Any CPU.ActiveCfg = Debug|Any CPU
		{EA3EF7F3-5104-9E85-51C2-FAF0114A07C1}.Debug|Any CPU.Build.0 = Debug|Any CPU
		{EA3EF7F3-5104-9E85-51C2-FAF0114A07C1}.Release|Any CPU.ActiveCfg = Release|Any CPU
		{EA3EF7F3-5104-9E85-51C2-FAF0114A07C1}.Release|Any CPU.Build.0 = Release|Any CPU
		{7C25254B-2FA5-B338-F071-78601CDDFE76}.Debug|Any CPU.ActiveCfg = Debug|Any CPU
		{7C25254B-2FA5-B338-F071-78601CDDFE76}.Debug|Any CPU.Build.0 = Debug|Any CPU
		{7C25254B-2FA5-B338-F071-78601CDDFE76}.Release|Any CPU.ActiveCfg = Release|Any CPU
		{7C25254B-2FA5-B338-F071-78601CDDFE76}.Release|Any CPU.Build.0 = Release|Any CPU
		{02252EFE-5D20-FA59-59BA-96CA4FC891DD}.Debug|Any CPU.ActiveCfg = Debug|Any CPU
		{02252EFE-5D20-FA59-59BA-96CA4FC891DD}.Debug|Any CPU.Build.0 = Debug|Any CPU
		{02252EFE-5D20-FA59-59BA-96CA4FC891DD}.Release|Any CPU.ActiveCfg = Release|Any CPU
		{02252EFE-5D20-FA59-59BA-96CA4FC891DD}.Release|Any CPU.Build.0 = Release|Any CPU
		{E8571DF5-2BF8-FAB5-5712-CF9CD13A09AA}.Debug|Any CPU.ActiveCfg = Debug|Any CPU
		{E8571DF5-2BF8-FAB5-5712-CF9CD13A09AA}.Debug|Any CPU.Build.0 = Debug|Any CPU
		{E8571DF5-2BF8-FAB5-5712-CF9CD13A09AA}.Release|Any CPU.ActiveCfg = Release|Any CPU
		{E8571DF5-2BF8-FAB5-5712-CF9CD13A09AA}.Release|Any CPU.Build.0 = Release|Any CPU
		{31DC6458-2047-4273-1E19-3BB9EDF5EDE3}.Debug|Any CPU.ActiveCfg = Debug|Any CPU
		{31DC6458-2047-4273-1E19-3BB9EDF5EDE3}.Debug|Any CPU.Build.0 = Debug|Any CPU
		{31DC6458-2047-4273-1E19-3BB9EDF5EDE3}.Release|Any CPU.ActiveCfg = Release|Any CPU
		{31DC6458-2047-4273-1E19-3BB9EDF5EDE3}.Release|Any CPU.Build.0 = Release|Any CPU
		{DFD93613-FB3B-F0F0-119A-A6D55BD75948}.Debug|Any CPU.ActiveCfg = Debug|Any CPU
		{DFD93613-FB3B-F0F0-119A-A6D55BD75948}.Debug|Any CPU.Build.0 = Debug|Any CPU
		{DFD93613-FB3B-F0F0-119A-A6D55BD75948}.Release|Any CPU.ActiveCfg = Release|Any CPU
		{DFD93613-FB3B-F0F0-119A-A6D55BD75948}.Release|Any CPU.Build.0 = Release|Any CPU
		{F978CFC8-093B-646B-D456-A8D5C9224C3C}.Debug|Any CPU.ActiveCfg = Debug|Any CPU
		{F978CFC8-093B-646B-D456-A8D5C9224C3C}.Debug|Any CPU.Build.0 = Debug|Any CPU
		{F978CFC8-093B-646B-D456-A8D5C9224C3C}.Release|Any CPU.ActiveCfg = Release|Any CPU
		{F978CFC8-093B-646B-D456-A8D5C9224C3C}.Release|Any CPU.Build.0 = Release|Any CPU
		{1EEA1A85-2927-2A83-AD2D-657CFC005AD7}.Debug|Any CPU.ActiveCfg = Debug|Any CPU
		{1EEA1A85-2927-2A83-AD2D-657CFC005AD7}.Debug|Any CPU.Build.0 = Debug|Any CPU
		{1EEA1A85-2927-2A83-AD2D-657CFC005AD7}.Release|Any CPU.ActiveCfg = Release|Any CPU
		{1EEA1A85-2927-2A83-AD2D-657CFC005AD7}.Release|Any CPU.Build.0 = Release|Any CPU
		{319782AA-474A-8BA2-D27A-83D348CAE97D}.Debug|Any CPU.ActiveCfg = Debug|Any CPU
		{319782AA-474A-8BA2-D27A-83D348CAE97D}.Debug|Any CPU.Build.0 = Debug|Any CPU
		{319782AA-474A-8BA2-D27A-83D348CAE97D}.Release|Any CPU.ActiveCfg = Release|Any CPU
		{319782AA-474A-8BA2-D27A-83D348CAE97D}.Release|Any CPU.Build.0 = Release|Any CPU
		{A0D4FBC8-41C0-B51C-5F08-BC59BA695F8D}.Debug|Any CPU.ActiveCfg = Debug|Any CPU
		{A0D4FBC8-41C0-B51C-5F08-BC59BA695F8D}.Debug|Any CPU.Build.0 = Debug|Any CPU
		{A0D4FBC8-41C0-B51C-5F08-BC59BA695F8D}.Release|Any CPU.ActiveCfg = Release|Any CPU
		{A0D4FBC8-41C0-B51C-5F08-BC59BA695F8D}.Release|Any CPU.Build.0 = Release|Any CPU
		{97380994-E1CF-E6C8-9AD0-BF408AAEED7A}.Debug|Any CPU.ActiveCfg = Debug|Any CPU
		{97380994-E1CF-E6C8-9AD0-BF408AAEED7A}.Debug|Any CPU.Build.0 = Debug|Any CPU
		{97380994-E1CF-E6C8-9AD0-BF408AAEED7A}.Release|Any CPU.ActiveCfg = Release|Any CPU
		{97380994-E1CF-E6C8-9AD0-BF408AAEED7A}.Release|Any CPU.Build.0 = Release|Any CPU
		{77AF01BB-3D7D-0B80-9336-8FFF586C9DC0}.Debug|Any CPU.ActiveCfg = Debug|Any CPU
		{77AF01BB-3D7D-0B80-9336-8FFF586C9DC0}.Debug|Any CPU.Build.0 = Debug|Any CPU
		{77AF01BB-3D7D-0B80-9336-8FFF586C9DC0}.Release|Any CPU.ActiveCfg = Release|Any CPU
		{77AF01BB-3D7D-0B80-9336-8FFF586C9DC0}.Release|Any CPU.Build.0 = Release|Any CPU
		{12572876-4E6A-9A27-6AA1-D0AA85327C7B}.Debug|Any CPU.ActiveCfg = Debug|Any CPU
		{12572876-4E6A-9A27-6AA1-D0AA85327C7B}.Debug|Any CPU.Build.0 = Debug|Any CPU
		{12572876-4E6A-9A27-6AA1-D0AA85327C7B}.Release|Any CPU.ActiveCfg = Release|Any CPU
		{12572876-4E6A-9A27-6AA1-D0AA85327C7B}.Release|Any CPU.Build.0 = Release|Any CPU
		{60301BC6-5A70-C0C8-C00A-DE34BDFB03E8}.Debug|Any CPU.ActiveCfg = Debug|Any CPU
		{60301BC6-5A70-C0C8-C00A-DE34BDFB03E8}.Debug|Any CPU.Build.0 = Debug|Any CPU
		{60301BC6-5A70-C0C8-C00A-DE34BDFB03E8}.Release|Any CPU.ActiveCfg = Release|Any CPU
		{60301BC6-5A70-C0C8-C00A-DE34BDFB03E8}.Release|Any CPU.Build.0 = Release|Any CPU
		{FFEA9A7A-9797-5B5A-24B0-FDB12D942033}.Debug|Any CPU.ActiveCfg = Debug|Any CPU
		{FFEA9A7A-9797-5B5A-24B0-FDB12D942033}.Debug|Any CPU.Build.0 = Debug|Any CPU
		{FFEA9A7A-9797-5B5A-24B0-FDB12D942033}.Release|Any CPU.ActiveCfg = Release|Any CPU
		{FFEA9A7A-9797-5B5A-24B0-FDB12D942033}.Release|Any CPU.Build.0 = Release|Any CPU
		{45A799B9-6ABF-D542-2CEB-5E07C38A6805}.Debug|Any CPU.ActiveCfg = Debug|Any CPU
		{45A799B9-6ABF-D542-2CEB-5E07C38A6805}.Debug|Any CPU.Build.0 = Debug|Any CPU
		{45A799B9-6ABF-D542-2CEB-5E07C38A6805}.Release|Any CPU.ActiveCfg = Release|Any CPU
		{45A799B9-6ABF-D542-2CEB-5E07C38A6805}.Release|Any CPU.Build.0 = Release|Any CPU
		{A3A8DFD1-0FDB-7574-0AF1-F28696F29C0A}.Debug|Any CPU.ActiveCfg = Debug|Any CPU
		{A3A8DFD1-0FDB-7574-0AF1-F28696F29C0A}.Debug|Any CPU.Build.0 = Debug|Any CPU
		{A3A8DFD1-0FDB-7574-0AF1-F28696F29C0A}.Release|Any CPU.ActiveCfg = Release|Any CPU
		{A3A8DFD1-0FDB-7574-0AF1-F28696F29C0A}.Release|Any CPU.Build.0 = Release|Any CPU
		{9075AA4D-5118-5728-B1C9-5C6A478A8162}.Debug|Any CPU.ActiveCfg = Debug|Any CPU
		{9075AA4D-5118-5728-B1C9-5C6A478A8162}.Debug|Any CPU.Build.0 = Debug|Any CPU
		{9075AA4D-5118-5728-B1C9-5C6A478A8162}.Release|Any CPU.ActiveCfg = Release|Any CPU
		{9075AA4D-5118-5728-B1C9-5C6A478A8162}.Release|Any CPU.Build.0 = Release|Any CPU
		{91A02BB5-47E2-764B-2C50-A6658C9E42A6}.Debug|Any CPU.ActiveCfg = Debug|Any CPU
		{91A02BB5-47E2-764B-2C50-A6658C9E42A6}.Debug|Any CPU.Build.0 = Debug|Any CPU
		{91A02BB5-47E2-764B-2C50-A6658C9E42A6}.Release|Any CPU.ActiveCfg = Release|Any CPU
		{91A02BB5-47E2-764B-2C50-A6658C9E42A6}.Release|Any CPU.Build.0 = Release|Any CPU
		{D0BB2EE6-4B19-4B62-11EA-90E83F90C74F}.Debug|Any CPU.ActiveCfg = Debug|Any CPU
		{D0BB2EE6-4B19-4B62-11EA-90E83F90C74F}.Debug|Any CPU.Build.0 = Debug|Any CPU
		{D0BB2EE6-4B19-4B62-11EA-90E83F90C74F}.Release|Any CPU.ActiveCfg = Release|Any CPU
		{D0BB2EE6-4B19-4B62-11EA-90E83F90C74F}.Release|Any CPU.Build.0 = Release|Any CPU
		{BC5CA166-CFBD-432C-EA2B-B9AEF77D6FAE}.Debug|Any CPU.ActiveCfg = Debug|Any CPU
		{BC5CA166-CFBD-432C-EA2B-B9AEF77D6FAE}.Debug|Any CPU.Build.0 = Debug|Any CPU
		{BC5CA166-CFBD-432C-EA2B-B9AEF77D6FAE}.Release|Any CPU.ActiveCfg = Release|Any CPU
		{BC5CA166-CFBD-432C-EA2B-B9AEF77D6FAE}.Release|Any CPU.Build.0 = Release|Any CPU
		{149E9157-96D3-F9EF-B9C8-B130BED66C97}.Debug|Any CPU.ActiveCfg = Debug|Any CPU
		{149E9157-96D3-F9EF-B9C8-B130BED66C97}.Debug|Any CPU.Build.0 = Debug|Any CPU
		{149E9157-96D3-F9EF-B9C8-B130BED66C97}.Release|Any CPU.ActiveCfg = Release|Any CPU
		{149E9157-96D3-F9EF-B9C8-B130BED66C97}.Release|Any CPU.Build.0 = Release|Any CPU
		{7A159CFE-4D2D-DCC0-8C4F-85F28E602CE3}.Debug|Any CPU.ActiveCfg = Debug|Any CPU
		{7A159CFE-4D2D-DCC0-8C4F-85F28E602CE3}.Debug|Any CPU.Build.0 = Debug|Any CPU
		{7A159CFE-4D2D-DCC0-8C4F-85F28E602CE3}.Release|Any CPU.ActiveCfg = Release|Any CPU
		{7A159CFE-4D2D-DCC0-8C4F-85F28E602CE3}.Release|Any CPU.Build.0 = Release|Any CPU
		{79C3FCAE-2873-B94A-4963-4A4CBD6CED3E}.Debug|Any CPU.ActiveCfg = Debug|Any CPU
		{79C3FCAE-2873-B94A-4963-4A4CBD6CED3E}.Debug|Any CPU.Build.0 = Debug|Any CPU
		{79C3FCAE-2873-B94A-4963-4A4CBD6CED3E}.Release|Any CPU.ActiveCfg = Release|Any CPU
		{79C3FCAE-2873-B94A-4963-4A4CBD6CED3E}.Release|Any CPU.Build.0 = Release|Any CPU
		{415FBE2A-C233-143F-A5EC-D470CD4B3EAD}.Debug|Any CPU.ActiveCfg = Debug|Any CPU
		{415FBE2A-C233-143F-A5EC-D470CD4B3EAD}.Debug|Any CPU.Build.0 = Debug|Any CPU
		{415FBE2A-C233-143F-A5EC-D470CD4B3EAD}.Release|Any CPU.ActiveCfg = Release|Any CPU
		{415FBE2A-C233-143F-A5EC-D470CD4B3EAD}.Release|Any CPU.Build.0 = Release|Any CPU
		{247ACFCB-E00B-E406-AD71-CF2897B56A01}.Debug|Any CPU.ActiveCfg = Debug|Any CPU
		{247ACFCB-E00B-E406-AD71-CF2897B56A01}.Debug|Any CPU.Build.0 = Debug|Any CPU
		{247ACFCB-E00B-E406-AD71-CF2897B56A01}.Release|Any CPU.ActiveCfg = Release|Any CPU
		{247ACFCB-E00B-E406-AD71-CF2897B56A01}.Release|Any CPU.Build.0 = Release|Any CPU
		{0B8C3468-BDC2-114F-C0C2-06D7F4003AE4}.Debug|Any CPU.ActiveCfg = Debug|Any CPU
		{0B8C3468-BDC2-114F-C0C2-06D7F4003AE4}.Debug|Any CPU.Build.0 = Debug|Any CPU
		{0B8C3468-BDC2-114F-C0C2-06D7F4003AE4}.Release|Any CPU.ActiveCfg = Release|Any CPU
		{0B8C3468-BDC2-114F-C0C2-06D7F4003AE4}.Release|Any CPU.Build.0 = Release|Any CPU
	EndGlobalSection
	GlobalSection(SolutionProperties) = preSolution
		HideSolutionNode = FALSE
	EndGlobalSection
EndGlobal
